{
  "name": "sol-dsh",
  "version": "0.1.0",
  "lockfileVersion": 3,
  "requires": true,
  "packages": {
    "": {
      "name": "sol-dsh",
      "version": "0.1.0",
      "license": "MIT",
      "dependencies": {
        "@deepseek-ai/schemastery": "3.18.3"
      },
      "devDependencies": {
        "@deepseek-ai/cordis": "4.0.3",
        "@deepseek-ai/dsh-agent": "0.1.7-alpha.1",
        "@deepseek-ai/dsh-compaction": "0.1.7-alpha.1",
        "@deepseek-ai/dsh-llm": "0.1.7-alpha.1",
        "@deepseek-ai/dsh-session": "0.1.7-alpha.1",
        "@deepseek-ai/dsh-spill": "0.1.7-alpha.1",
        "@deepseek-ai/dsh-token-meter": "0.1.7-alpha.1",
        "@deepseek-ai/dsh-tools": "0.1.7-alpha.1",
        "@types/node": "^22.10.2",
        "typescript": "5.9.3"
      },
      "engines": {
        "dsh": "^0.1.7-alpha.1",
        "node": ">=22.19.0"
      },
      "peerDependencies": {
        "@deepseek-ai/cordis": "4.0.3",
        "@deepseek-ai/dsh-agent": "0.1.7-alpha.1",
        "@deepseek-ai/dsh-compaction": "0.1.7-alpha.1",
        "@deepseek-ai/dsh-llm": "0.1.7-alpha.1",
        "@deepseek-ai/dsh-session": "0.1.7-alpha.1",
        "@deepseek-ai/dsh-spill": "0.1.7-alpha.1",
        "@deepseek-ai/dsh-token-meter": "0.1.7-alpha.1",
        "@deepseek-ai/dsh-tools": "0.1.7-alpha.1"
      }
    },
    "node_modules/@deepseek-ai/cordis": {
      "version": "4.0.3",
      "resolved": "https://registry.npmjs.org/@deepseek-ai/cordis/-/cordis-4.0.3.tgz",
      "integrity": "sha512-ka+8UVh1JDTqkrEcgkfGwquM3lsBmLDsJMNAQUgumY65tI7IIrLFSERcNfde5kF1rtSSktOJmsC9WmJLt4rd8A==",
      "dev": true,
      "license": "MIT",
      "dependencies": {
        "@deepseek-ai/cosmokit": "^1.8.4",
        "@standard-schema/spec": "^1.1.0"
      },
      "bin": {
        "cordis": "bin.js"
      },
      "peerDependencies": {
        "@deepseek-ai/cordis-plugin-include": "^1.0.8",
        "@deepseek-ai/cordis-plugin-loader": "^1.0.4"
      },
      "peerDependenciesMeta": {
        "@deepseek-ai/cordis-plugin-include": {
          "optional": true
        },
        "@deepseek-ai/cordis-plugin-loader": {
          "optional": true
        }
      }
    },
    "node_modules/@deepseek-ai/cosmokit": {
      "version": "1.8.4",
      "resolved": "https://registry.npmjs.org/@deepseek-ai/cosmokit/-/cosmokit-1.8.4.tgz",
      "integrity": "sha512-zOX7hFKtUQNY6GlZi1OCGY+bp6swWDf8aFNbCSAonVKEpEb5Tc2m3moUtNZscT7ksflIcVn+qgqYZo9QKUF+fQ==",
      "license": "MIT"
    },
    "node_modules/@deepseek-ai/dsh-agent": {
      "version": "0.1.7-alpha.1",
      "resolved": "https://registry.npmjs.org/@deepseek-ai/dsh-agent/-/dsh-agent-0.1.7-alpha.1.tgz",
      "integrity": "sha512-F9OaULa9cHV5R0bf7DZakDXgb3EsOFGJy5Yl6dnuTNhPTrQOrR5255FaQj8CsogTlJuguzXo7ywuW8napJgi4Q==",
      "dev": true,
      "license": "MIT",
      "peerDependencies": {
        "@deepseek-ai/cordis": "^4.0.3",
        "@deepseek-ai/dsh-invariants": "^0.1.7-alpha.1",
        "@deepseek-ai/dsh-llm": "^0.1.7-alpha.1",
        "@deepseek-ai/dsh-scope": "^0.1.7-alpha.1",
        "@deepseek-ai/dsh-session": "^0.1.7-alpha.1",
        "@deepseek-ai/dsh-session-projection": "^0.1.7-alpha.1",
        "@deepseek-ai/dsh-system-prompt": "^0.1.7-alpha.1",
        "@deepseek-ai/dsh-typert-protocol": "^0.1.7-alpha.1",
        "@deepseek-ai/dsh-util-values": "^0.1.7-alpha.1",
        "@deepseek-ai/dsh-workspace": "^0.1.7-alpha.1"
      },
      "peerDependenciesMeta": {
        "@deepseek-ai/dsh-workspace": {
          "optional": true
        }
      }
    },
    "node_modules/@deepseek-ai/dsh-attachment": {
      "version": "0.1.7-alpha.1",
      "resolved": "https://registry.npmjs.org/@deepseek-ai/dsh-attachment/-/dsh-attachment-0.1.7-alpha.1.tgz",
      "integrity": "sha512-roZS3iTkNbZiwbjMSQtt90sUkoeD4s2DmKKGb34ZOWXRl+BuNhC5AsrtB7vKeyhRvtS5TzFdODx5V9P1aMjOFg==",
      "dev": true,
      "license": "MIT",
      "peer": true,
      "peerDependencies": {
        "@deepseek-ai/cordis": "^4.0.3",
        "@deepseek-ai/dsh-brand": "^0.1.7-alpha.1"
      }
    },
    "node_modules/@deepseek-ai/dsh-brand": {
      "version": "0.1.7-alpha.1",
      "resolved": "https://registry.npmjs.org/@deepseek-ai/dsh-brand/-/dsh-brand-0.1.7-alpha.1.tgz",
      "integrity": "sha512-fQgY3t3Cc9Kqwk3gji3/dlotuJodxjR5xeP4q42h4TkHsZ9+O7gY5SNipJwVLjZv4Vg4JdoEEpclt0I/9rskPg==",
      "dev": true,
      "license": "MIT",
      "peerDependencies": {
        "@deepseek-ai/cordis": "^4.0.3"
      }
    },
    "node_modules/@deepseek-ai/dsh-commands": {
      "version": "0.1.7-alpha.1",
      "resolved": "https://registry.npmjs.org/@deepseek-ai/dsh-commands/-/dsh-commands-0.1.7-alpha.1.tgz",
      "integrity": "sha512-kvDaRV7vz4qHQv+WNveyHOIexmCBTzWTKdyvQuY5n1WvXV3oY3voNKGeSTKcoA8LRjU5fy+66+0uAhZdQy9BEA==",
      "dev": true,
      "license": "MIT",
      "peer": true,
      "dependencies": {
        "@deepseek-ai/dsh-util-crypto": "^0.1.7-alpha.1",
        "zod": "^4.4.3"
      },
      "peerDependencies": {
        "@deepseek-ai/cordis": "^4.0.3",
        "@deepseek-ai/dsh-agent": "^0.1.7-alpha.1",
        "@deepseek-ai/dsh-attachment": "^0.1.7-alpha.1",
        "@deepseek-ai/dsh-brand": "^0.1.7-alpha.1",
        "@deepseek-ai/dsh-invariants": "^0.1.7-alpha.1",
        "@deepseek-ai/dsh-llm": "^0.1.7-alpha.1",
        "@deepseek-ai/dsh-scope": "^0.1.7-alpha.1",
        "@deepseek-ai/dsh-session": "^0.1.7-alpha.1",
        "@deepseek-ai/dsh-typert-protocol": "^0.1.7-alpha.1"
      }
    },
    "node_modules/@deepseek-ai/dsh-compaction": {
      "version": "0.1.7-alpha.1",
      "resolved": "https://registry.npmjs.org/@deepseek-ai/dsh-compaction/-/dsh-compaction-0.1.7-alpha.1.tgz",
      "integrity": "sha512-DILlRZpK+1ZCbRBaz+g0vGh1R0z28WpscnYGlkb3vn8E9h1M8Ccbfdp0BkVSuDq3qw1wrcQEG0AClZLv45gVzQ==",
      "dev": true,
      "license": "MIT",
      "peerDependencies": {
        "@deepseek-ai/cordis": "^4.0.3",
        "@deepseek-ai/dsh-brand": "^0.1.7-alpha.1",
        "@deepseek-ai/dsh-commands": "^0.1.7-alpha.1",
        "@deepseek-ai/dsh-invariants": "^0.1.7-alpha.1",
        "@deepseek-ai/dsh-llm": "^0.1.7-alpha.1",
        "@deepseek-ai/dsh-session": "^0.1.7-alpha.1"
      }
    },
    "node_modules/@deepseek-ai/dsh-compaction-image-offload": {
      "version": "0.1.7-alpha.1",
      "resolved": "https://registry.npmjs.org/@deepseek-ai/dsh-compaction-image-offload/-/dsh-compaction-image-offload-0.1.7-alpha.1.tgz",
      "integrity": "sha512-6SbP1jsYy/6cGpXKbj0LuWqPW9DiW4BCCPHGNaDUCkHK8h0x5cSVvRFfEZ+N+YTK4SEFIg4M3wcdmqcBG9hKOA==",
      "dev": true,
      "license": "MIT",
      "peer": true,
      "dependencies": {
        "@deepseek-ai/dsh-util-values": "^0.1.7-alpha.1"
      },
      "peerDependencies": {
        "@deepseek-ai/cordis": "^4.0.3",
        "@deepseek-ai/dsh-agent": "^0.1.7-alpha.1",
        "@deepseek-ai/dsh-compaction": "^0.1.7-alpha.1",
        "@deepseek-ai/dsh-llm": "^0.1.7-alpha.1",
        "@deepseek-ai/dsh-session": "^0.1.7-alpha.1"
      }
    },
    "node_modules/@deepseek-ai/dsh-invariants": {
      "version": "0.1.7-alpha.1",
      "resolved": "https://registry.npmjs.org/@deepseek-ai/dsh-invariants/-/dsh-invariants-0.1.7-alpha.1.tgz",
      "integrity": "sha512-2mC1uyCYbm5dqrGws2BvnI8dwKeeLTulIfJbaXuqmCBghrhGjscU2Nfof/Z9TO6NfIfVZRFhVOI43cYmLKc6Fw==",
      "dev": true,
      "license": "MIT",
      "peer": true,
      "dependencies": {
        "@deepseek-ai/schemastery": "^3.18.3"
      },
      "peerDependencies": {
        "@deepseek-ai/cordis": "^4.0.3"
      }
    },
    "node_modules/@deepseek-ai/dsh-llm": {
      "version": "0.1.7-alpha.1",
      "resolved": "https://registry.npmjs.org/@deepseek-ai/dsh-llm/-/dsh-llm-0.1.7-alpha.1.tgz",
      "integrity": "sha512-DajyYU+BZqTEpfQCb21ymCqA7DBlbfcm9nguoFjY14nZ6GLdLh+ae4Nl42Nz189kVS2siu7TcDZKVy47Nub9Ag==",
      "dev": true,
      "license": "MIT",
      "dependencies": {
        "@deepseek-ai/dsh-brand": "^0.1.7-alpha.1",
        "@deepseek-ai/dsh-timeout": "^0.1.7-alpha.1",
        "@deepseek-ai/dsh-typert-protocol": "^0.1.7-alpha.1",
        "@deepseek-ai/dsh-util-crypto": "^0.1.7-alpha.1",
        "@deepseek-ai/dsh-util-values": "^0.1.7-alpha.1",
        "@deepseek-ai/schemastery": "^3.18.3",
        "zod": "^4.4.3"
      },
      "peerDependencies": {
        "@deepseek-ai/cordis": "^4.0.3"
      }
    },
    "node_modules/@deepseek-ai/dsh-llm-retry": {
      "version": "0.1.7-alpha.1",
      "resolved": "https://registry.npmjs.org/@deepseek-ai/dsh-llm-retry/-/dsh-llm-retry-0.1.7-alpha.1.tgz",
      "integrity": "sha512-1EbLx8dv0e0VySQGRgRzanu5RTANfIoOYp6OSfjezW1SNaJcQPG9FLigIPHfTk3/VOGUWMHUdCiA5Mgn5VwbQA==",
      "dev": true,
      "license": "MIT",
      "peer": true,
      "dependencies": {
        "@deepseek-ai/schemastery": "^3.18.3",
        "zod": "^4.4.3"
      },
      "peerDependencies": {
        "@deepseek-ai/cordis": "^4.0.3",
        "@deepseek-ai/dsh-agent": "^0.1.7-alpha.1",
        "@deepseek-ai/dsh-brand": "^0.1.7-alpha.1",
        "@deepseek-ai/dsh-invariants": "^0.1.7-alpha.1",
        "@deepseek-ai/dsh-llm": "^0.1.7-alpha.1",
        "@deepseek-ai/dsh-session": "^0.1.7-alpha.1",
        "@deepseek-ai/dsh-session-projection": "^0.1.7-alpha.1",
        "@deepseek-ai/dsh-timeout": "^0.1.7-alpha.1"
      }
    },
    "node_modules/@deepseek-ai/dsh-ptc-runtime": {
      "version": "0.1.7-alpha.1",
      "resolved": "https://registry.npmjs.org/@deepseek-ai/dsh-ptc-runtime/-/dsh-ptc-runtime-0.1.7-alpha.1.tgz",
      "integrity": "sha512-oHMYhO3TK29eP0PEMeqcveFf9/P3SlG+pzJh6rTrJeSOlFEY61sCfocqXwNeDvsTQItFz2w9bsoyVOng5MwhQg==",
      "dev": true,
      "license": "MIT",
      "peer": true,
      "peerDependencies": {
        "@deepseek-ai/cordis": "^4.0.3",
        "@deepseek-ai/dsh-sandbox": "^0.1.7-alpha.1"
      }
    },
    "node_modules/@deepseek-ai/dsh-sandbox": {
      "version": "0.1.7-alpha.1",
      "resolved": "https://registry.npmjs.org/@deepseek-ai/dsh-sandbox/-/dsh-sandbox-0.1.7-alpha.1.tgz",
      "integrity": "sha512-AFYx8YK3m7zUAh/Dp/UhTA2hfFfOpVLcII0kePTIFRG7IadM+vDNAYDPKgHO+2LcnXOxCLJ7CZ/hNogNXcWlqw==",
      "dev": true,
      "license": "MIT",
      "peer": true,
      "dependencies": {
        "@deepseek-ai/dsh-util-values": "^0.1.7-alpha.1"
      },
      "peerDependencies": {
        "@deepseek-ai/cordis": "^4.0.3",
        "@deepseek-ai/dsh-llm": "^0.1.7-alpha.1",
        "@deepseek-ai/dsh-session": "^0.1.7-alpha.1"
      }
    },
    "node_modules/@deepseek-ai/dsh-sandbox-policy": {
      "version": "0.1.7-alpha.1",
      "resolved": "https://registry.npmjs.org/@deepseek-ai/dsh-sandbox-policy/-/dsh-sandbox-policy-0.1.7-alpha.1.tgz",
      "integrity": "sha512-ch/kZPQ8I1vqVGQqUCCjRNdOSlPEZfgsVJOE3TwW57UyWlZi1bqtxP0YPiUjd+PgvEineTj89CU03Hc2GkgAsA==",
      "dev": true,
      "license": "MIT",
      "peer": true,
      "dependencies": {
        "@deepseek-ai/schemastery": "^3.18.3",
        "zod": "^4.4.3"
      },
      "peerDependencies": {
        "@deepseek-ai/cordis": "^4.0.3",
        "@deepseek-ai/dsh-agent": "^0.1.7-alpha.1",
        "@deepseek-ai/dsh-invariants": "^0.1.7-alpha.1",
        "@deepseek-ai/dsh-sandbox": "^0.1.7-alpha.1",
        "@deepseek-ai/dsh-session": "^0.1.7-alpha.1",
        "@deepseek-ai/dsh-session-projection": "^0.1.7-alpha.1",
        "@deepseek-ai/dsh-system-prompt": "^0.1.7-alpha.1"
      }
    },
    "node_modules/@deepseek-ai/dsh-scope": {
      "version": "0.1.7-alpha.1",
      "resolved": "https://registry.npmjs.org/@deepseek-ai/dsh-scope/-/dsh-scope-0.1.7-alpha.1.tgz",
      "integrity": "sha512-k5NRzlFKnAddKOSwOpS3H9KAR9iugn6qmfwqzo1PIHGjjpGJOl8ywSoRct20ZbIcUBIusnfr7r79prRWFu4i5Q==",
      "dev": true,
      "license": "MIT",
      "peer": true,
      "peerDependencies": {
        "@deepseek-ai/cordis": "^4.0.3",
        "@deepseek-ai/dsh-invariants": "^0.1.7-alpha.1"
      }
    },
    "node_modules/@deepseek-ai/dsh-session": {
      "version": "0.1.7-alpha.1",
      "resolved": "https://registry.npmjs.org/@deepseek-ai/dsh-session/-/dsh-session-0.1.7-alpha.1.tgz",
      "integrity": "sha512-dUd/fUj8wign5ZuniGfr5VqMWZqFPwhc0IImapToE2NDZB/Hl0JVXtg/lS5aYoFfgxwEeIWEDjVO3UJBClQa9A==",
      "dev": true,
      "license": "MIT",
      "dependencies": {
        "@deepseek-ai/dsh-brand": "^0.1.7-alpha.1",
        "@deepseek-ai/dsh-llm": "^0.1.7-alpha.1",
        "@deepseek-ai/dsh-util-values": "^0.1.7-alpha.1"
      },
      "peerDependencies": {
        "@deepseek-ai/cordis": "^4.0.3",
        "@deepseek-ai/dsh-scope": "^0.1.7-alpha.1"
      }
    },
    "node_modules/@deepseek-ai/dsh-session-projection": {
      "version": "0.1.7-alpha.1",
      "resolved": "https://registry.npmjs.org/@deepseek-ai/dsh-session-projection/-/dsh-session-projection-0.1.7-alpha.1.tgz",
      "integrity": "sha512-MObqgvR+sFojVNeDClo1lbpCwLGx6YSbjx9LPbLFfIwpScfAB++0931cmnopB6bJb8VTgykxeQ2vLWUJpU6DIg==",
      "dev": true,
      "license": "MIT",
      "peer": true,
      "dependencies": {
        "zod": "^4.4.3"
      },
      "peerDependencies": {
        "@deepseek-ai/cordis": "^4.0.3",
        "@deepseek-ai/dsh-session": "^0.1.7-alpha.1"
      }
    },
    "node_modules/@deepseek-ai/dsh-spill": {
      "version": "0.1.7-alpha.1",
      "resolved": "https://registry.npmjs.org/@deepseek-ai/dsh-spill/-/dsh-spill-0.1.7-alpha.1.tgz",
      "integrity": "sha512-xipqEyjOcl+Kld2YTafdm6ooR82ICV3g2M4cCKfXUK25A9o5AbVrrLmkd/qRyyK78WOxJPh6T1pGbxqU9pWJzA==",
      "dev": true,
      "license": "MIT",
      "peerDependencies": {
        "@deepseek-ai/cordis": "^4.0.3",
        "@deepseek-ai/dsh-brand": "^0.1.7-alpha.1",
        "@deepseek-ai/dsh-llm": "^0.1.7-alpha.1",
        "@deepseek-ai/dsh-session": "^0.1.7-alpha.1"
      }
    },
    "node_modules/@deepseek-ai/dsh-system-prompt": {
      "version": "0.1.7-alpha.1",
      "resolved": "https://registry.npmjs.org/@deepseek-ai/dsh-system-prompt/-/dsh-system-prompt-0.1.7-alpha.1.tgz",
      "integrity": "sha512-eDRfgbDtLV0pEgCKzElaHV6c9P+OJAwBPJK3n+RzrU9ibEtD4WyfxcrzvS9Kw3Q4wRsYULYDZNEWVw8ZGQeazw==",
      "dev": true,
      "license": "MIT",
      "peer": true,
      "dependencies": {
        "@deepseek-ai/schemastery": "^3.18.3"
      },
      "peerDependencies": {
        "@deepseek-ai/cordis": "^4.0.3",
        "@deepseek-ai/dsh-invariants": "^0.1.7-alpha.1",
        "@deepseek-ai/dsh-llm": "^0.1.7-alpha.1",
        "@deepseek-ai/dsh-scope": "^0.1.7-alpha.1"
      }
    },
    "node_modules/@deepseek-ai/dsh-timeout": {
      "version": "0.1.7-alpha.1",
      "resolved": "https://registry.npmjs.org/@deepseek-ai/dsh-timeout/-/dsh-timeout-0.1.7-alpha.1.tgz",
      "integrity": "sha512-eadqFmn+C2hpVl76mdzyL09XQ/y+1kCeDOyp5fSVkEZ3VDiAxmC9KLsv6xES56W2FznxubadTdR/jrCn7s/AuQ==",
      "dev": true,
      "license": "MIT",
      "peerDependencies": {
        "@deepseek-ai/cordis": "^4.0.3"
      }
    },
    "node_modules/@deepseek-ai/dsh-token-meter": {
      "version": "0.1.7-alpha.1",
      "resolved": "https://registry.npmjs.org/@deepseek-ai/dsh-token-meter/-/dsh-token-meter-0.1.7-alpha.1.tgz",
      "integrity": "sha512-n+0DG02qS8XEbKguw1SC2lvdMQfeQ1kUztVvL1LQdQwM6J1qi9Z8jTGcMwKndcX29B9/YSG0gTQvGwHmEL+M+w==",
      "dev": true,
      "license": "MIT",
      "dependencies": {
        "@deepseek-ai/dsh-util-values": "^0.1.7-alpha.1",
        "@deepseek-ai/schemastery": "^3.18.3",
        "zod": "^4.4.3"
      },
      "peerDependencies": {
        "@deepseek-ai/cordis": "^4.0.3",
        "@deepseek-ai/dsh-compaction": "^0.1.7-alpha.1",
        "@deepseek-ai/dsh-compaction-image-offload": "^0.1.7-alpha.1",
        "@deepseek-ai/dsh-llm": "^0.1.7-alpha.1",
        "@deepseek-ai/dsh-llm-retry": "^0.1.7-alpha.1",
        "@deepseek-ai/dsh-session": "^0.1.7-alpha.1",
        "@deepseek-ai/dsh-session-projection": "^0.1.7-alpha.1"
      }
    },
    "node_modules/@deepseek-ai/dsh-tools": {
      "version": "0.1.7-alpha.1",
      "resolved": "https://registry.npmjs.org/@deepseek-ai/dsh-tools/-/dsh-tools-0.1.7-alpha.1.tgz",
      "integrity": "sha512-Ae/dRc4C9pqk1IOeRwLxlzsS1gogqLiG2meCVyzwbTTOptCBXPxGhdL2/vSvAOHqJx/czR4BkSoR6XevPUux3g==",
      "dev": true,
      "license": "MIT",
      "dependencies": {
        "@deepseek-ai/dsh-brand": "^0.1.7-alpha.1",
        "@deepseek-ai/dsh-util-values": "^0.1.7-alpha.1",
        "@deepseek-ai/schemastery": "^3.18.3"
      },
      "peerDependencies": {
        "@deepseek-ai/cordis": "^4.0.3",
        "@deepseek-ai/dsh-agent": "^0.1.7-alpha.1",
        "@deepseek-ai/dsh-invariants": "^0.1.7-alpha.1",
        "@deepseek-ai/dsh-llm": "^0.1.7-alpha.1",
        "@deepseek-ai/dsh-ptc-runtime": "^0.1.7-alpha.1",
        "@deepseek-ai/dsh-sandbox": "^0.1.7-alpha.1",
        "@deepseek-ai/dsh-sandbox-policy": "^0.1.7-alpha.1",
        "@deepseek-ai/dsh-scope": "^0.1.7-alpha.1",
        "@deepseek-ai/dsh-session": "^0.1.7-alpha.1",
        "@deepseek-ai/dsh-system-prompt": "^0.1.7-alpha.1",
        "@deepseek-ai/dsh-user-approval": "^0.1.7-alpha.1"
      }
    },
    "node_modules/@deepseek-ai/dsh-typert-protocol": {
      "version": "0.1.7-alpha.1",
      "resolved": "https://registry.npmjs.org/@deepseek-ai/dsh-typert-protocol/-/dsh-typert-protocol-0.1.7-alpha.1.tgz",
      "integrity": "sha512-Qk4SQFqx6QAlPCpuEYaHa8DYr//uLNYxhO99kgSQopeN3pwR3Q/IOY1TfXq4m2bS7QG/VS+pXWcBX7qmcOwXmg==",
      "dev": true,
      "license": "MIT",
      "dependencies": {
        "@deepseek-ai/dsh-brand": "^0.1.7-alpha.1"
      },
      "peerDependencies": {
        "@deepseek-ai/cordis": "^4.0.3"
      }
    },
    "node_modules/@deepseek-ai/dsh-user-approval": {
      "version": "0.1.7-alpha.1",
      "resolved": "https://registry.npmjs.org/@deepseek-ai/dsh-user-approval/-/dsh-user-approval-0.1.7-alpha.1.tgz",
      "integrity": "sha512-eIAJrpMZkm+zcSiZ/cnwOGIf3AhFeZqVlrYesG9hzpVKuV3Sx+A4GhRkczX2M56GJma6x/rKUuAmS5rgfyttlA==",
      "dev": true,
      "license": "MIT",
      "peer": true,
      "dependencies": {
        "@deepseek-ai/schemastery": "^3.18.3"
      },
      "peerDependencies": {
        "@deepseek-ai/cordis": "^4.0.3",
        "@deepseek-ai/dsh-agent": "^0.1.7-alpha.1",
        "@deepseek-ai/dsh-brand": "^0.1.7-alpha.1",
        "@deepseek-ai/dsh-invariants": "^0.1.7-alpha.1",
        "@deepseek-ai/dsh-llm": "^0.1.7-alpha.1",
        "@deepseek-ai/dsh-scope": "^0.1.7-alpha.1",
        "@deepseek-ai/dsh-session": "^0.1.7-alpha.1",
        "@deepseek-ai/dsh-system-prompt": "^0.1.7-alpha.1"
      }
    },
    "node_modules/@deepseek-ai/dsh-util-crypto": {
      "version": "0.1.7-alpha.1",
      "resolved": "https://registry.npmjs.org/@deepseek-ai/dsh-util-crypto/-/dsh-util-crypto-0.1.7-alpha.1.tgz",
      "integrity": "sha512-Mgh333fdJddda6E75ItLr9607jKzWpCmg4r/Ewcr380Xh5DXqsruQJLtfHpCE/8tm1e1p1E3z1Z76EOrYRfGEg==",
      "dev": true,
      "license": "MIT",
      "peerDependencies": {
        "@deepseek-ai/cordis": "^4.0.3"
      }
    },
    "node_modules/@deepseek-ai/dsh-util-values": {
      "version": "0.1.7-alpha.1",
      "resolved": "https://registry.npmjs.org/@deepseek-ai/dsh-util-values/-/dsh-util-values-0.1.7-alpha.1.tgz",
      "integrity": "sha512-/jTTlIEgqt2SG2yX3vXDBXN5eJ36XMaGiFTeXjkwmFRdqxnjh0IOHS2DCTtHmxPL+8VhgvNNmfnNzU84K4lNeQ==",
      "dev": true,
      "license": "MIT",
      "peerDependencies": {
        "@deepseek-ai/cordis": "^4.0.3"
      }
    },
    "node_modules/@deepseek-ai/schemastery": {
      "version": "3.18.3",
      "resolved": "https://registry.npmjs.org/@deepseek-ai/schemastery/-/schemastery-3.18.3.tgz",
      "integrity": "sha512-plZIZADuGLT/3PoYmUaEDZd0vG1rVahU89MevnxXsyQhFEi2D6DUuTJel7FUb3cUM9aCzqGMN99sHJe1RIushA==",
      "license": "MIT",
      "dependencies": {
        "@deepseek-ai/cosmokit": "^1.8.4",
        "@standard-schema/spec": "^1.1.0"
      }
    },
    "node_modules/@standard-schema/spec": {
      "version": "1.1.0",
      "resolved": "https://registry.npmjs.org/@standard-schema/spec/-/spec-1.1.0.tgz",
      "integrity": "sha512-l2aFy5jALhniG5HgqrD6jXLi/rUWrKvqN/qJx6yoJsgKhblVd+iqqU4RCXavm/jPityDo5TCvKMnpjKnOriy0w==",
      "license": "MIT"
    },
    "node_modules/@types/node": {
      "version": "22.20.4",
      "resolved": "https://registry.npmjs.org/@types/node/-/node-22.20.4.tgz",
      "integrity": "sha512-zJRE40jpHtKqE/C4fgHrAKQLJuSpzEnP9ff9Y7YtoR3Wd2pwqzlekDeEuUQXjRd+QCYnVnNwuJYmhdk9XV8gvA==",
      "dev": true,
      "license": "MIT",
      "dependencies": {
        "undici-types": "~6.21.0"
      }
    },
    "node_modules/typescript": {
      "version": "5.9.3",
      "resolved": "https://registry.npmjs.org/typescript/-/typescript-5.9.3.tgz",
      "integrity": "sha512-jl1vZzPDinLr9eUt3J/t7V6FgNEw9QjvBPdysz9KfQDD41fQrC2Y4vKQdiaUpFT4bXlb1RHhLpp8wtm6M5TgSw==",
      "dev": true,
      "license": "Apache-2.0",
      "bin": {
        "tsc": "bin/tsc",
        "tsserver": "bin/tsserver"
      },
      "engines": {
        "node": ">=14.17"
      }
    },
    "node_modules/undici-types": {
      "version": "6.21.0",
      "resolved": "https://registry.npmjs.org/undici-types/-/undici-types-6.21.0.tgz",
      "integrity": "sha512-iwDZqg0QAGrg9Rav5H4n0M64c3mkR59cJ6wQp+7C4nI0gsmExaedaYLNO44eT4AtBBwjbTiGPMlt2Md0T9H9JQ==",
      "dev": true,
      "license": "MIT"
    },
    "node_modules/zod": {
      "version": "4.6.5",
      "resolved": "https://registry.npmjs.org/zod/-/zod-4.6.5.tgz",
      "integrity": "sha512-v5l/aFXZQeai4awLbOpSoHecE9UiMrnfx75tEXLjNonXVARxQ5mOeipTjROUchszUNCqnE+hqAMujRsRHsut2Q==",
      "dev": true,
      "license": "MIT",
      "funding": {
        "url": "https://github.com/sponsors/colinhacks"
      }
    }
  }
}
